
Microsoft Visual Studio Solution File, Format Version 12.00
# Visual Studio 15
VisualStudioVersion = 15.0.27130.2010
MinimumVisualStudioVersion = 10.0.40219.1
Project("{FAE04EC0-301F-11D3-BF4B-00C04F79EFBC}") = "helloworld", "helloworld\helloworld.csproj", "{4C336F7F-127B-49A4-9EC8-5A5D4CB9B01E}"
EndProject
Global
	GlobalSection(SolutionConfigurationPlatforms) = preSolution
		Debug|Any CPU = Debug|Any CPU
		Release|Any CPU = Release|Any CPU
	EndGlobalSection
	GlobalSection(ProjectConfigurationPlatforms) = postSolution
		{4C336F7F-127B-49A4-9EC8-5A5D4CB9B01E}.Debug|Any CPU.ActiveCfg = Debug|Any CPU
		{4C336F7F-127B-49A4-9EC8-5A5D4CB9B01E}.Debug|Any CPU.Build.0 = Debug|Any CPU
		{4C336F7F-127B-49A4-9EC8-5A5D4CB9B01E}.Release|Any CPU.ActiveCfg = Release|Any CPU
		{4C336F7F-127B-49A4-9EC8-5A5D4CB9B01E}.Release|Any CPU.Build.0 = Release|Any CPU
	EndGlobalSection
	GlobalSection(SolutionProperties) = preSolution
		HideSolutionNode = FALSE
	EndGlobalSection
	GlobalSection(ExtensibilityGlobals) = postSolution
		SolutionGuid = {1CF1AF5A-DC0D-414F-A4D7-782DB32C74FB}
	EndGlobalSection
EndGlobal
